
Microsoft Visual Studio Solution File, Format Version 11.00
# Visual Studio 2010
Project("{F184B08F-C81C-45F6-A57F-5ABD9991F28F}") = "shellControl", "shellControl\shellControl.vbproj", "{CD93643D-DFCB-4C0E-A51E-28A6415193AC}"
EndProject
Global
	GlobalSection(SolutionConfigurationPlatforms) = preSolution
		Debug|x86 = Debug|x86
		Release|x86 = Release|x86
	EndGlobalSection
	GlobalSection(ProjectConfigurationPlatforms) = postSolution
		{CD93643D-DFCB-4C0E-A51E-28A6415193AC}.Debug|x86.ActiveCfg = Debug|x86
		{CD93643D-DFCB-4C0E-A51E-28A6415193AC}.Debug|x86.Build.0 = Debug|x86
		{CD93643D-DFCB-4C0E-A51E-28A6415193AC}.Release|x86.ActiveCfg = Release|x86
		{CD93643D-DFCB-4C0E-A51E-28A6415193AC}.Release|x86.Build.0 = Release|x86
	EndGlobalSection
	GlobalSection(SolutionProperties) = preSolution
		HideSolutionNode = FALSE
	EndGlobalSection
EndGlobal
